
Microsoft Visual Studio Solution File, Format Version 12.00
# Visual Studio 15
VisualStudioVersion = 15.0.26730.16
MinimumVisualStudioVersion = 10.0.40219.1
Project("{2150E333-8FDC-42A3-9474-1A3956D46DE8}") = "Creational", "Creational", "{000761D0-17D6-4F41-B6FD-D5B25A6A3614}"
EndProject
Project("{2150E333-8FDC-42A3-9474-1A3956D46DE8}") = "Factory", "Factory", "{4ADA340B-AE79-4B8F-90F2-20244D34E7F7}"
EndProject
Project("{9A19103F-16F7-4668-BE54-9A1E7A4F7556}") = "FactoryMethod", "Patterns\Creational\Factory\FactoryMethod\FactoryMethod.csproj", "{57EBDD40-57AC-462D-9762-359EC3345EBB}"
EndProject
Project("{9A19103F-16F7-4668-BE54-9A1E7A4F7556}") = "AbstractFactory", "Patterns\Creational\Factory\AbstractFactory\AbstractFactory.csproj", "{400EB722-066B-4037-8AB7-910C6531C0EB}"
EndProject
Project("{9A19103F-16F7-4668-BE54-9A1E7A4F7556}") = "AbstractFactoryOCP", "Patterns\Creational\Factory\AbstractFactoryOCP\AbstractFactoryOCP.csproj", "{8329B092-AF6A-4803-BFA9-A8E97D65383C}"
EndProject
Project("{2150E333-8FDC-42A3-9474-1A3956D46DE8}") = "Prototype", "Prototype", "{FBB90E9D-DBCB-4C9B-8DEB-9C05172C6211}"
EndProject
Project("{9A19103F-16F7-4668-BE54-9A1E7A4F7556}") = "DeepCopy", "Patterns\Creational\Prototype\DeepCopy\DeepCopy.csproj", "{6A218BAD-4F13-4AF8-9CF1-CED71C25D457}"
EndProject
Project("{9A19103F-16F7-4668-BE54-9A1E7A4F7556}") = "Serialization", "Patterns\Creational\Prototype\Serialization\Serialization.csproj", "{7FCBAC9F-2E03-4984-9339-728DC25838C6}"
EndProject
Project("{2150E333-8FDC-42A3-9474-1A3956D46DE8}") = "Singleton", "Singleton", "{BD081CD6-1EB8-4019-B54C-465CD2080BBE}"
EndProject
Project("{FAE04EC0-301F-11D3-BF4B-00C04F79EFBC}") = "LazySingleton", "Patterns\Creational\Singleton\LazySingleton\LazySingleton.csproj", "{A2888D85-178D-4407-97B1-48FE35EE553E}"
EndProject
Project("{FAE04EC0-301F-11D3-BF4B-00C04F79EFBC}") = "Monostate", "Patterns\Creational\Singleton\Monostate\Monostate.csproj", "{1DB8CDB5-7174-4315-A236-B8460C7B2871}"
EndProject
Project("{2150E333-8FDC-42A3-9474-1A3956D46DE8}") = "Patterns", "Patterns", "{1DB80474-A2B5-4C50-8835-8017A426E2FE}"
EndProject
Project("{FAE04EC0-301F-11D3-BF4B-00C04F79EFBC}") = "PrefixTree", "PrefixTree\PrefixTree.csproj", "{AA7A47AD-7417-4B56-91BF-3CA64B3FA916}"
EndProject
Project("{FAE04EC0-301F-11D3-BF4B-00C04F79EFBC}") = "DataFlow", "DataFlow\DataFlow.csproj", "{9B0C6321-9995-46FB-8DBD-9243588842D2}"
EndProject
Project("{FAE04EC0-301F-11D3-BF4B-00C04F79EFBC}") = "Common", "Common\Common.csproj", "{F9B60489-0430-40F3-9E1A-0F4BBC87E684}"
EndProject
Project("{FAE04EC0-301F-11D3-BF4B-00C04F79EFBC}") = "InterviewProblems", "InterviewProblems\InterviewProblems.csproj", "{2FF05A3D-6094-4999-B164-48DA4E327A35}"
EndProject
Global
	GlobalSection(SolutionConfigurationPlatforms) = preSolution
		Debug|Any CPU = Debug|Any CPU
		Release|Any CPU = Release|Any CPU
	EndGlobalSection
	GlobalSection(ProjectConfigurationPlatforms) = postSolution
		{57EBDD40-57AC-462D-9762-359EC3345EBB}.Debug|Any CPU.ActiveCfg = Debug|Any CPU
		{57EBDD40-57AC-462D-9762-359EC3345EBB}.Debug|Any CPU.Build.0 = Debug|Any CPU
		{57EBDD40-57AC-462D-9762-359EC3345EBB}.Release|Any CPU.ActiveCfg = Release|Any CPU
		{57EBDD40-57AC-462D-9762-359EC3345EBB}.Release|Any CPU.Build.0 = Release|Any CPU
		{400EB722-066B-4037-8AB7-910C6531C0EB}.Debug|Any CPU.ActiveCfg = Debug|Any CPU
		{400EB722-066B-4037-8AB7-910C6531C0EB}.Debug|Any CPU.Build.0 = Debug|Any CPU
		{400EB722-066B-4037-8AB7-910C6531C0EB}.Release|Any CPU.ActiveCfg = Release|Any CPU
		{400EB722-066B-4037-8AB7-910C6531C0EB}.Release|Any CPU.Build.0 = Release|Any CPU
		{8329B092-AF6A-4803-BFA9-A8E97D65383C}.Debug|Any CPU.ActiveCfg = Debug|Any CPU
		{8329B092-AF6A-4803-BFA9-A8E97D65383C}.Debug|Any CPU.Build.0 = Debug|Any CPU
		{8329B092-AF6A-4803-BFA9-A8E97D65383C}.Release|Any CPU.ActiveCfg = Release|Any CPU
		{8329B092-AF6A-4803-BFA9-A8E97D65383C}.Release|Any CPU.Build.0 = Release|Any CPU
		{6A218BAD-4F13-4AF8-9CF1-CED71C25D457}.Debug|Any CPU.ActiveCfg = Debug|Any CPU
		{6A218BAD-4F13-4AF8-9CF1-CED71C25D457}.Debug|Any CPU.Build.0 = Debug|Any CPU
		{6A218BAD-4F13-4AF8-9CF1-CED71C25D457}.Release|Any CPU.ActiveCfg = Release|Any CPU
		{6A218BAD-4F13-4AF8-9CF1-CED71C25D457}.Release|Any CPU.Build.0 = Release|Any CPU
		{7FCBAC9F-2E03-4984-9339-728DC25838C6}.Debug|Any CPU.ActiveCfg = Debug|Any CPU
		{7FCBAC9F-2E03-4984-9339-728DC25838C6}.Debug|Any CPU.Build.0 = Debug|Any CPU
		{7FCBAC9F-2E03-4984-9339-728DC25838C6}.Release|Any CPU.ActiveCfg = Release|Any CPU
		{7FCBAC9F-2E03-4984-9339-728DC25838C6}.Release|Any CPU.Build.0 = Release|Any CPU
		{A2888D85-178D-4407-97B1-48FE35EE553E}.Debug|Any CPU.ActiveCfg = Debug|Any CPU
		{A2888D85-178D-4407-97B1-48FE35EE553E}.Debug|Any CPU.Build.0 = Debug|Any CPU
		{A2888D85-178D-4407-97B1-48FE35EE553E}.Release|Any CPU.ActiveCfg = Release|Any CPU
		{A2888D85-178D-4407-97B1-48FE35EE553E}.Release|Any CPU.Build.0 = Release|Any CPU
		{1DB8CDB5-7174-4315-A236-B8460C7B2871}.Debug|Any CPU.ActiveCfg = Debug|Any CPU
		{1DB8CDB5-7174-4315-A236-B8460C7B2871}.Debug|Any CPU.Build.0 = Debug|Any CPU
		{1DB8CDB5-7174-4315-A236-B8460C7B2871}.Release|Any CPU.ActiveCfg = Release|Any CPU
		{1DB8CDB5-7174-4315-A236-B8460C7B2871}.Release|Any CPU.Build.0 = Release|Any CPU
		{AA7A47AD-7417-4B56-91BF-3CA64B3FA916}.Debug|Any CPU.ActiveCfg = Debug|Any CPU
		{AA7A47AD-7417-4B56-91BF-3CA64B3FA916}.Debug|Any CPU.Build.0 = Debug|Any CPU
		{AA7A47AD-7417-4B56-91BF-3CA64B3FA916}.Release|Any CPU.ActiveCfg = Release|Any CPU
		{AA7A47AD-7417-4B56-91BF-3CA64B3FA916}.Release|Any CPU.Build.0 = Release|Any CPU
		{9B0C6321-9995-46FB-8DBD-9243588842D2}.Debug|Any CPU.ActiveCfg = Debug|Any CPU
		{9B0C6321-9995-46FB-8DBD-9243588842D2}.Debug|Any CPU.Build.0 = Debug|Any CPU
		{9B0C6321-9995-46FB-8DBD-9243588842D2}.Release|Any CPU.ActiveCfg = Release|Any CPU
		{9B0C6321-9995-46FB-8DBD-9243588842D2}.Release|Any CPU.Build.0 = Release|Any CPU
		{F9B60489-0430-40F3-9E1A-0F4BBC87E684}.Debug|Any CPU.ActiveCfg = Debug|Any CPU
		{F9B60489-0430-40F3-9E1A-0F4BBC87E684}.Debug|Any CPU.Build.0 = Debug|Any CPU
		{F9B60489-0430-40F3-9E1A-0F4BBC87E684}.Release|Any CPU.ActiveCfg = Release|Any CPU
		{F9B60489-0430-40F3-9E1A-0F4BBC87E684}.Release|Any CPU.Build.0 = Release|Any CPU
		{2FF05A3D-6094-4999-B164-48DA4E327A35}.Debug|Any CPU.ActiveCfg = Debug|Any CPU
		{2FF05A3D-6094-4999-B164-48DA4E327A35}.Debug|Any CPU.Build.0 = Debug|Any CPU
		{2FF05A3D-6094-4999-B164-48DA4E327A35}.Release|Any CPU.ActiveCfg = Release|Any CPU
		{2FF05A3D-6094-4999-B164-48DA4E327A35}.Release|Any CPU.Build.0 = Release|Any CPU
	EndGlobalSection
	GlobalSection(SolutionProperties) = preSolution
		HideSolutionNode = FALSE
	EndGlobalSection
	GlobalSection(NestedProjects) = preSolution
		{4ADA340B-AE79-4B8F-90F2-20244D34E7F7} = {000761D0-17D6-4F41-B6FD-D5B25A6A3614}
		{57EBDD40-57AC-462D-9762-359EC3345EBB} = {4ADA340B-AE79-4B8F-90F2-20244D34E7F7}
		{400EB722-066B-4037-8AB7-910C6531C0EB} = {4ADA340B-AE79-4B8F-90F2-20244D34E7F7}
		{8329B092-AF6A-4803-BFA9-A8E97D65383C} = {4ADA340B-AE79-4B8F-90F2-20244D34E7F7}
		{FBB90E9D-DBCB-4C9B-8DEB-9C05172C6211} = {000761D0-17D6-4F41-B6FD-D5B25A6A3614}
		{6A218BAD-4F13-4AF8-9CF1-CED71C25D457} = {FBB90E9D-DBCB-4C9B-8DEB-9C05172C6211}
		{7FCBAC9F-2E03-4984-9339-728DC25838C6} = {FBB90E9D-DBCB-4C9B-8DEB-9C05172C6211}
		{BD081CD6-1EB8-4019-B54C-465CD2080BBE} = {000761D0-17D6-4F41-B6FD-D5B25A6A3614}
		{A2888D85-178D-4407-97B1-48FE35EE553E} = {BD081CD6-1EB8-4019-B54C-465CD2080BBE}
		{1DB8CDB5-7174-4315-A236-B8460C7B2871} = {BD081CD6-1EB8-4019-B54C-465CD2080BBE}
		{000761D0-17D6-4F41-B6FD-D5B25A6A3614} = {1DB80474-A2B5-4C50-8835-8017A426E2FE}
	EndGlobalSection
	GlobalSection(ExtensibilityGlobals) = postSolution
		SolutionGuid = {AB5F0BD3-A1A0-4C7C-B708-576B404DD011}
	EndGlobalSection
EndGlobal
